{
  "version": 4,
  "terraform_version": "1.1.7",
  "serial": 30,
  "lineage": "1a9577a0-89d6-ea19-5eaf-165cb90dbd0d",
  "outputs": {},
  "resources": [
    {
      "mode": "managed",
      "type": "google_compute_firewall",
      "name": "k3s-firewall",
      "provider": "provider[\"registry.terraform.io/hashicorp/google\"]",
      "instances": [
        {
          "schema_version": 1,
          "attributes": {
            "allow": [
              {
                "ports": [
                  "6443"
                ],
                "protocol": "tcp"
              }
            ],
            "creation_timestamp": "2022-04-03T11:50:37.100-07:00",
            "deny": [],
            "description": "",
            "destination_ranges": [],
            "direction": "INGRESS",
            "disabled": false,
            "enable_logging": null,
            "id": "projects/youtube-pedroimpulcetto/global/firewalls/k3s-firewall",
            "log_config": [],
            "name": "k3s-firewall",
            "network": "https://www.googleapis.com/compute/v1/projects/youtube-pedroimpulcetto/global/networks/default",
            "priority": 1000,
            "project": "youtube-pedroimpulcetto",
            "self_link": "https://www.googleapis.com/compute/v1/projects/youtube-pedroimpulcetto/global/firewalls/k3s-firewall",
            "source_ranges": [],
            "source_service_accounts": [],
            "source_tags": [
              "vpc-network"
            ],
            "target_service_accounts": [],
            "target_tags": [
              "k3s"
            ],
            "timeouts": null
          },
          "sensitive_attributes": [],
          "private": "eyJlMmJmYjczMC1lY2FhLTExZTYtOGY4OC0zNDM2M2JjN2M0YzAiOnsiY3JlYXRlIjoxMjAwMDAwMDAwMDAwLCJkZWxldGUiOjEyMDAwMDAwMDAwMDAsInVwZGF0ZSI6MTIwMDAwMDAwMDAwMH0sInNjaGVtYV92ZXJzaW9uIjoiMSJ9"
        }
      ]
    },
    {
      "mode": "managed",
      "type": "google_compute_network",
      "name": "vpc_network",
      "provider": "provider[\"registry.terraform.io/hashicorp/google\"]",
      "instances": [
        {
          "schema_version": 0,
          "attributes": {
            "auto_create_subnetworks": true,
            "delete_default_routes_on_create": false,
            "description": "",
            "gateway_ipv4": "",
            "id": "projects/youtube-pedroimpulcetto/global/networks/vpc-network",
            "mtu": 1460,
            "name": "vpc-network",
            "project": "youtube-pedroimpulcetto",
            "routing_mode": "REGIONAL",
            "self_link": "https://www.googleapis.com/compute/v1/projects/youtube-pedroimpulcetto/global/networks/vpc-network",
            "timeouts": null
          },
          "sensitive_attributes": [],
          "private": "eyJlMmJmYjczMC1lY2FhLTExZTYtOGY4OC0zNDM2M2JjN2M0YzAiOnsiY3JlYXRlIjoxMjAwMDAwMDAwMDAwLCJkZWxldGUiOjEyMDAwMDAwMDAwMDAsInVwZGF0ZSI6MTIwMDAwMDAwMDAwMH19"
        }
      ]
    }
  ]
}
