{
  "version": 4,
  "terraform_version": "1.1.7",
  "serial": 66,
  "lineage": "7e1972d3-c046-19aa-a459-958ac1dc6f36",
  "outputs": {},
  "resources": [
    {
      "mode": "managed",
      "type": "google_compute_firewall",
      "name": "k3s-firewall",
      "provider": "provider[\"registry.terraform.io/hashicorp/google\"]",
      "instances": [
        {
          "schema_version": 1,
          "attributes": {
            "allow": [
              {
                "ports": [
                  "5000"
                ],
                "protocol": "tcp"
              }
            ],
            "creation_timestamp": "2022-04-06T16:45:49.423-07:00",
            "deny": [],
            "description": "",
            "destination_ranges": [],
            "direction": "INGRESS",
            "disabled": false,
            "enable_logging": null,
            "id": "projects/youtube-pedroimpulcetto/global/firewalls/k3s-firewall",
            "log_config": [],
            "name": "k3s-firewall",
            "network": "https://www.googleapis.com/compute/v1/projects/youtube-pedroimpulcetto/global/networks/default",
            "priority": 1000,
            "project": "youtube-pedroimpulcetto",
            "self_link": "https://www.googleapis.com/compute/v1/projects/youtube-pedroimpulcetto/global/firewalls/k3s-firewall",
            "source_ranges": [
              "0.0.0.0/0"
            ],
            "source_service_accounts": null,
            "source_tags": [
              "default"
            ],
            "target_service_accounts": null,
            "target_tags": [
              "all"
            ],
            "timeouts": null
          },
          "sensitive_attributes": [],
          "private": "eyJlMmJmYjczMC1lY2FhLTExZTYtOGY4OC0zNDM2M2JjN2M0YzAiOnsiY3JlYXRlIjoxMjAwMDAwMDAwMDAwLCJkZWxldGUiOjEyMDAwMDAwMDAwMDAsInVwZGF0ZSI6MTIwMDAwMDAwMDAwMH0sInNjaGVtYV92ZXJzaW9uIjoiMSJ9"
        }
      ]
    },
    {
      "mode": "managed",
      "type": "google_compute_instance",
      "name": "k3s_master_instance",
      "provider": "provider[\"registry.terraform.io/hashicorp/google\"]",
      "instances": [
        {
          "status": "tainted",
          "schema_version": 6,
          "attributes": {
            "advanced_machine_features": [],
            "allow_stopping_for_update": null,
            "attached_disk": [],
            "boot_disk": [
              {
                "auto_delete": true,
                "device_name": "persistent-disk-0",
                "disk_encryption_key_raw": "",
                "disk_encryption_key_sha256": "",
                "initialize_params": [
                  {
                    "image": "https://www.googleapis.com/compute/v1/projects/debian-cloud/global/images/debian-9-stretch-v20200805",
                    "labels": {},
                    "size": 10,
                    "type": "pd-standard"
                  }
                ],
                "kms_key_self_link": "",
                "mode": "READ_WRITE",
                "source": "https://www.googleapis.com/compute/v1/projects/youtube-pedroimpulcetto/zones/us-central1-c/disks/k3s-master"
              }
            ],
            "can_ip_forward": true,
            "confidential_instance_config": [],
            "cpu_platform": "Intel Broadwell",
            "current_status": "RUNNING",
            "deletion_protection": false,
            "description": "",
            "desired_status": null,
            "enable_display": false,
            "guest_accelerator": [],
            "hostname": "",
            "id": "projects/youtube-pedroimpulcetto/zones/us-central1-c/instances/k3s-master",
            "instance_id": "3239781958680811733",
            "label_fingerprint": "42WmSpB8rSM=",
            "labels": null,
            "machine_type": "e2-micro",
            "metadata": null,
            "metadata_fingerprint": "RIo86CiNMQQ=",
            "metadata_startup_script": "sudo apt-get update",
            "min_cpu_platform": "",
            "name": "k3s-master",
            "network_interface": [
              {
                "access_config": [
                  {
                    "nat_ip": "34.132.160.38",
                    "network_tier": "PREMIUM",
                    "public_ptr_domain_name": ""
                  }
                ],
                "alias_ip_range": [],
                "ipv6_access_config": [],
                "ipv6_access_type": "",
                "name": "nic0",
                "network": "https://www.googleapis.com/compute/v1/projects/youtube-pedroimpulcetto/global/networks/default",
                "network_ip": "10.128.0.30",
                "nic_type": "",
                "queue_count": 0,
                "stack_type": "IPV4_ONLY",
                "subnetwork": "https://www.googleapis.com/compute/v1/projects/youtube-pedroimpulcetto/regions/us-central1/subnetworks/default",
                "subnetwork_project": "youtube-pedroimpulcetto"
              }
            ],
            "project": "youtube-pedroimpulcetto",
            "reservation_affinity": [],
            "resource_policies": null,
            "scheduling": [
              {
                "automatic_restart": true,
                "min_node_cpus": 0,
                "node_affinities": [],
                "on_host_maintenance": "MIGRATE",
                "preemptible": false
              }
            ],
            "scratch_disk": [],
            "self_link": "https://www.googleapis.com/compute/v1/projects/youtube-pedroimpulcetto/zones/us-central1-c/instances/k3s-master",
            "service_account": [],
            "shielded_instance_config": [],
            "tags": [
              "http-server",
              "https-server",
              "k3s-firewall"
            ],
            "tags_fingerprint": "Fdypc4u5qRQ=",
            "timeouts": null,
            "zone": "us-central1-c"
          },
          "sensitive_attributes": [],
          "private": "eyJlMmJmYjczMC1lY2FhLTExZTYtOGY4OC0zNDM2M2JjN2M0YzAiOnsiY3JlYXRlIjoxMjAwMDAwMDAwMDAwLCJkZWxldGUiOjEyMDAwMDAwMDAwMDAsInVwZGF0ZSI6MTIwMDAwMDAwMDAwMH0sInNjaGVtYV92ZXJzaW9uIjoiNiJ9",
          "dependencies": [
            "google_compute_firewall.k3s-firewall"
          ]
        }
      ]
    }
  ]
}
